# This file is automatically @generated by Cargo.
# It is not intended for manual editing.
version = 3

[[package]]
name = "ac-ffmpeg"
version = "0.17.1"
source = "registry+https://github.com/rust-lang/crates.io-index"
checksum = "030b5f1018ccd6d59cfb9a531d4c63d8e3d159686a171f6c041dfc2a8c702769"
dependencies = [
 "cc",
 "lazy_static",
 "pkg-config",
]

[[package]]
name = "cc"
version = "1.0.71"
source = "registry+https://github.com/rust-lang/crates.io-index"
checksum = "79c2681d6594606957bbb8631c4b90a7fcaaa72cdb714743a437b156d6a7eedd"

[[package]]
name = "lazy_static"
version = "1.4.0"
source = "registry+https://github.com/rust-lang/crates.io-index"
checksum = "e2abad23fbc42b3700f2f279844dc832adb2b2eb069b2df918f455c4e18cc646"

[[package]]
name = "multimedia-rs"
version = "0.1.0"
dependencies = [
 "ac-ffmpeg",
]

[[package]]
name = "pkg-config"
version = "0.3.22"
source = "registry+https://github.com/rust-lang/crates.io-index"
checksum = "12295df4f294471248581bc09bef3c38a5e46f1e36d6a37353621a0c6c357e1f"
